{"filter":false,"title":"composer.lock","tooltip":"/blog/composer.lock","ace":{"folds":[],"scrolltop":0,"scrollleft":0,"selection":{"start":{"row":0,"column":0},"end":{"row":0,"column":0},"isBackwards":true},"options":{"guessTabSize":true,"useWrapMode":false,"wrapToView":true},"firstLineState":0},"hash":"38ef93bfc690bb4f321c5776d328cbb929a95a3d","mime":"application/octet-stream","undoManager":{"mark":-1,"position":-1,"stack":[]},"timestamp":1634462621174}